
Microsoft Visual Studio Solution File, Format Version 12.00
# Visual Studio Version 17
VisualStudioVersion = 17.14.36408.4
MinimumVisualStudioVersion = 10.0.40219.1
Project("{FAE04EC0-301F-11D3-BF4B-00C04F79EFBC}") = "OnlineLearningSystem", "OnlineLearningSystem\OnlineLearningSystem.csproj", "{CEEDC86F-CFB2-42B4-A03B-63BCD4E78E7E}"
EndProject
Global
	GlobalSection(SolutionConfigurationPlatforms) = preSolution
		Debug|Any CPU = Debug|Any CPU
		Release|Any CPU = Release|Any CPU
	EndGlobalSection
	GlobalSection(ProjectConfigurationPlatforms) = postSolution
		{CEEDC86F-CFB2-42B4-A03B-63BCD4E78E7E}.Debug|Any CPU.ActiveCfg = Debug|Any CPU
		{CEEDC86F-CFB2-42B4-A03B-63BCD4E78E7E}.Debug|Any CPU.Build.0 = Debug|Any CPU
		{CEEDC86F-CFB2-42B4-A03B-63BCD4E78E7E}.Release|Any CPU.ActiveCfg = Release|Any CPU
		{CEEDC86F-CFB2-42B4-A03B-63BCD4E78E7E}.Release|Any CPU.Build.0 = Release|Any CPU
	EndGlobalSection
	GlobalSection(SolutionProperties) = preSolution
		HideSolutionNode = FALSE
	EndGlobalSection
	GlobalSection(ExtensibilityGlobals) = postSolution
		SolutionGuid = {8BEF03A8-C99D-4CAB-8204-DBA7DBF6CE65}
	EndGlobalSection
EndGlobal
